
Microsoft Visual Studio Solution File, Format Version 12.00
# Visual Studio 15
Project("{FAE04EC0-301F-11D3-BF4B-00C04F79EFBC}") = "Assembly-CSharp", "Assembly-CSharp.csproj", "{1CBD39A0-C56F-0B6C-FEA7-16A94B562AA2}"
EndProject
Project("{FAE04EC0-301F-11D3-BF4B-00C04F79EFBC}") = "CustomToolbar.Editor", "CustomToolbar.Editor.csproj", "{D4514D24-7C06-B8A4-09F6-69BFE3CA55B5}"
EndProject
Global
	GlobalSection(SolutionConfigurationPlatforms) = preSolution
		Debug|Any CPU = Debug|Any CPU
		Release|Any CPU = Release|Any CPU
	EndGlobalSection
	GlobalSection(ProjectConfigurationPlatforms) = postSolution
		{1CBD39A0-C56F-0B6C-FEA7-16A94B562AA2}.Debug|Any CPU.ActiveCfg = Debug|Any CPU
		{1CBD39A0-C56F-0B6C-FEA7-16A94B562AA2}.Debug|Any CPU.Build.0 = Debug|Any CPU
		{1CBD39A0-C56F-0B6C-FEA7-16A94B562AA2}.Release|Any CPU.ActiveCfg = Release|Any CPU
		{1CBD39A0-C56F-0B6C-FEA7-16A94B562AA2}.Release|Any CPU.Build.0 = Release|Any CPU
		{D4514D24-7C06-B8A4-09F6-69BFE3CA55B5}.Debug|Any CPU.ActiveCfg = Debug|Any CPU
		{D4514D24-7C06-B8A4-09F6-69BFE3CA55B5}.Debug|Any CPU.Build.0 = Debug|Any CPU
		{D4514D24-7C06-B8A4-09F6-69BFE3CA55B5}.Release|Any CPU.ActiveCfg = Release|Any CPU
		{D4514D24-7C06-B8A4-09F6-69BFE3CA55B5}.Release|Any CPU.Build.0 = Release|Any CPU
	EndGlobalSection
	GlobalSection(SolutionProperties) = preSolution
		HideSolutionNode = FALSE
	EndGlobalSection
EndGlobal
